// !$*UTF8*$!
{
	archiveVersion = 1;
	classes = {
	};
	objectVersion = 48;
	objects = {

/* Begin PBXBuildFile section */
		0EA7C7D720315BD4007735E1 /* AppDelegate.m in Sources */ = {isa = PBXBuildFile; fileRef = 0EA7C7D620315BD4007735E1 /* AppDelegate.m */; };
		0EA7C7DA20315BD4007735E1 /* ViewController.m in Sources */ = {isa = PBXBuildFile; fileRef = 0EA7C7D920315BD4007735E1 /* ViewController.m */; };
		0EA7C7DD20315BD5007735E1 /* Main.storyboard in Resources */ = {isa = PBXBuildFile; fileRef = 0EA7C7DB20315BD5007735E1 /* Main.storyboard */; };
		0EA7C7DF20315BD5007735E1 /* Assets.xcassets in Resources */ = {isa = PBXBuildFile; fileRef = 0EA7C7DE20315BD5007735E1 /* Assets.xcassets */; };
		0EA7C7E220315BD5007735E1 /* LaunchScreen.storyboard in Resources */ = {isa = PBXBuildFile; fileRef = 0EA7C7E020315BD5007735E1 /* LaunchScreen.storyboard */; };
		0EA7C7E520315BD5007735E1 /* main.m in Sources */ = {isa = PBXBuildFile; fileRef = 0EA7C7E420315BD5007735E1 /* main.m */; };
		0EA7C7F620315EE5007735E1 /* UIViewSampleView.m in Sources */ = {isa = PBXBuildFile; fileRef = 0EA7C7F220315EE4007735E1 /* UIViewSampleView.m */; };
		0EA7C7F720315EE5007735E1 /* UIViewImageSampleView.m in Sources */ = {isa = PBXBuildFile; fileRef = 0EA7C7F520315EE5007735E1 /* UIViewImageSampleView.m */; };
		0EA7C800203160DC007735E1 /* AppDelegate.m in Sources */ = {isa = PBXBuildFile; fileRef = 0EA7C7FF203160DC007735E1 /* AppDelegate.m */; };
		0EA7C803203160DC007735E1 /* ViewController.m in Sources */ = {isa = PBXBuildFile; fileRef = 0EA7C802203160DC007735E1 /* ViewController.m */; };
		0EA7C806203160DC007735E1 /* Main.storyboard in Resources */ = {isa = PBXBuildFile; fileRef = 0EA7C804203160DC007735E1 /* Main.storyboard */; };
		0EA7C808203160DC007735E1 /* Assets.xcassets in Resources */ = {isa = PBXBuildFile; fileRef = 0EA7C807203160DC007735E1 /* Assets.xcassets */; };
		0EA7C80B203160DC007735E1 /* LaunchScreen.storyboard in Resources */ = {isa = PBXBuildFile; fileRef = 0EA7C809203160DC007735E1 /* LaunchScreen.storyboard */; };
		0EA7C80E203160DC007735E1 /* main.m in Sources */ = {isa = PBXBuildFile; fileRef = 0EA7C80D203160DC007735E1 /* main.m */; };
		0EA7C81420316182007735E1 /* ProtocolDelegateViewController.m in Sources */ = {isa = PBXBuildFile; fileRef = 0EA7C81220316182007735E1 /* ProtocolDelegateViewController.m */; };
		0EA7C81D203161B2007735E1 /* ProtocolDelegateSampleUIView.m in Sources */ = {isa = PBXBuildFile; fileRef = 0EA7C819203161B2007735E1 /* ProtocolDelegateSampleUIView.m */; };
		0EA7C81E203161B2007735E1 /* ProtocolDelegateTouchSampleUIView.m in Sources */ = {isa = PBXBuildFile; fileRef = 0EA7C81B203161B2007735E1 /* ProtocolDelegateTouchSampleUIView.m */; };
		0EA7C824203161BB007735E1 /* TouchSamplProtocolImplButDoesNotRespondsSelector.m in Sources */ = {isa = PBXBuildFile; fileRef = 0EA7C820203161BB007735E1 /* TouchSamplProtocolImplButDoesNotRespondsSelector.m */; };
		0EA7C825203161BB007735E1 /* TouchSampleProtocolImpl.m in Sources */ = {isa = PBXBuildFile; fileRef = 0EA7C823203161BB007735E1 /* TouchSampleProtocolImpl.m */; };
		0EA7C82820316238007735E1 /* UIViewImageSampleView.m in Sources */ = {isa = PBXBuildFile; fileRef = 0EA7C7F520315EE5007735E1 /* UIViewImageSampleView.m */; };
		0EA7C82A20316238007735E1 /* UIViewSampleView.m in Sources */ = {isa = PBXBuildFile; fileRef = 0EA7C7F220315EE4007735E1 /* UIViewSampleView.m */; };
		0EA7C8332032903F007735E1 /* AppDelegate.m in Sources */ = {isa = PBXBuildFile; fileRef = 0EA7C8322032903F007735E1 /* AppDelegate.m */; };
		0EA7C8362032903F007735E1 /* ViewController.m in Sources */ = {isa = PBXBuildFile; fileRef = 0EA7C8352032903F007735E1 /* ViewController.m */; };
		0EA7C8392032903F007735E1 /* Main.storyboard in Resources */ = {isa = PBXBuildFile; fileRef = 0EA7C8372032903F007735E1 /* Main.storyboard */; };
		0EA7C83B2032903F007735E1 /* Assets.xcassets in Resources */ = {isa = PBXBuildFile; fileRef = 0EA7C83A2032903F007735E1 /* Assets.xcassets */; };
		0EA7C83E2032903F007735E1 /* LaunchScreen.storyboard in Resources */ = {isa = PBXBuildFile; fileRef = 0EA7C83C2032903F007735E1 /* LaunchScreen.storyboard */; };
		0EA7C8412032903F007735E1 /* main.m in Sources */ = {isa = PBXBuildFile; fileRef = 0EA7C8402032903F007735E1 /* main.m */; };
		0EA7C84520329061007735E1 /* UIViewImageSampleView.m in Sources */ = {isa = PBXBuildFile; fileRef = 0EA7C7F520315EE5007735E1 /* UIViewImageSampleView.m */; };
		0EA7C84620329061007735E1 /* UIViewSampleView.m in Sources */ = {isa = PBXBuildFile; fileRef = 0EA7C7F220315EE4007735E1 /* UIViewSampleView.m */; };
		0EA7C84720329061007735E1 /* ProtocolDelegateSampleUIView.m in Sources */ = {isa = PBXBuildFile; fileRef = 0EA7C819203161B2007735E1 /* ProtocolDelegateSampleUIView.m */; };
		0EA7C84820329061007735E1 /* ProtocolDelegateTouchSampleUIView.m in Sources */ = {isa = PBXBuildFile; fileRef = 0EA7C81B203161B2007735E1 /* ProtocolDelegateTouchSampleUIView.m */; };
		0EA7C84920329061007735E1 /* TouchSamplProtocolImplButDoesNotRespondsSelector.m in Sources */ = {isa = PBXBuildFile; fileRef = 0EA7C820203161BB007735E1 /* TouchSamplProtocolImplButDoesNotRespondsSelector.m */; };
		0EA7C84A20329061007735E1 /* TouchSampleProtocolImpl.m in Sources */ = {isa = PBXBuildFile; fileRef = 0EA7C823203161BB007735E1 /* TouchSampleProtocolImpl.m */; };
		0EA7C84E203292DE007735E1 /* SampleTableViewCell.m in Sources */ = {isa = PBXBuildFile; fileRef = 0EA7C84D203292DE007735E1 /* SampleTableViewCell.m */; };
		0EA7C8512032A034007735E1 /* SampleTableViewController.m in Sources */ = {isa = PBXBuildFile; fileRef = 0EA7C8502032A034007735E1 /* SampleTableViewController.m */; };
		0EA7C85A2032C439007735E1 /* AppDelegate.m in Sources */ = {isa = PBXBuildFile; fileRef = 0EA7C8592032C439007735E1 /* AppDelegate.m */; };
		0EA7C85D2032C439007735E1 /* ViewController.m in Sources */ = {isa = PBXBuildFile; fileRef = 0EA7C85C2032C439007735E1 /* ViewController.m */; };
		0EA7C8602032C439007735E1 /* Main.storyboard in Resources */ = {isa = PBXBuildFile; fileRef = 0EA7C85E2032C439007735E1 /* Main.storyboard */; };
		0EA7C8622032C439007735E1 /* Assets.xcassets in Resources */ = {isa = PBXBuildFile; fileRef = 0EA7C8612032C439007735E1 /* Assets.xcassets */; };
		0EA7C8652032C439007735E1 /* LaunchScreen.storyboard in Resources */ = {isa = PBXBuildFile; fileRef = 0EA7C8632032C439007735E1 /* LaunchScreen.storyboard */; };
		0EA7C8682032C439007735E1 /* main.m in Sources */ = {isa = PBXBuildFile; fileRef = 0EA7C8672032C439007735E1 /* main.m */; };
		0EA7C8722032C65B007735E1 /* SampleMainVO.m in Sources */ = {isa = PBXBuildFile; fileRef = 0EA7C8712032C65B007735E1 /* SampleMainVO.m */; };
		0EA7C8752032C66B007735E1 /* SampleSubVO.m in Sources */ = {isa = PBXBuildFile; fileRef = 0EA7C8742032C66B007735E1 /* SampleSubVO.m */; };
		0EA7C8782032C6D8007735E1 /* SampleMainViewModel.m in Sources */ = {isa = PBXBuildFile; fileRef = 0EA7C8772032C6D8007735E1 /* SampleMainViewModel.m */; };
		0EA7C87B2032C6E6007735E1 /* SampleSubViewModel.m in Sources */ = {isa = PBXBuildFile; fileRef = 0EA7C87A2032C6E6007735E1 /* SampleSubViewModel.m */; };
		0EA7C87F2032C890007735E1 /* SampleMainTableViewCell.m in Sources */ = {isa = PBXBuildFile; fileRef = 0EA7C87E2032C890007735E1 /* SampleMainTableViewCell.m */; };
		0EA7C8822032C89A007735E1 /* SampleSubTableViewCell.m in Sources */ = {isa = PBXBuildFile; fileRef = 0EA7C8812032C89A007735E1 /* SampleSubTableViewCell.m */; };
		0EA7C88B2032DB75007735E1 /* AppDelegate.m in Sources */ = {isa = PBXBuildFile; fileRef = 0EA7C88A2032DB75007735E1 /* AppDelegate.m */; };
		0EA7C88E2032DB75007735E1 /* ViewController.m in Sources */ = {isa = PBXBuildFile; fileRef = 0EA7C88D2032DB75007735E1 /* ViewController.m */; };
		0EA7C8912032DB75007735E1 /* Main.storyboard in Resources */ = {isa = PBXBuildFile; fileRef = 0EA7C88F2032DB75007735E1 /* Main.storyboard */; };
		0EA7C8932032DB75007735E1 /* Assets.xcassets in Resources */ = {isa = PBXBuildFile; fileRef = 0EA7C8922032DB75007735E1 /* Assets.xcassets */; };
		0EA7C8962032DB75007735E1 /* LaunchScreen.storyboard in Resources */ = {isa = PBXBuildFile; fileRef = 0EA7C8942032DB75007735E1 /* LaunchScreen.storyboard */; };
		0EA7C8992032DB75007735E1 /* main.m in Sources */ = {isa = PBXBuildFile; fileRef = 0EA7C8982032DB75007735E1 /* main.m */; };
		0EA7C8A02033CD0C007735E1 /* SampleCollectionViewCell.m in Sources */ = {isa = PBXBuildFile; fileRef = 0EA7C89F2033CD0C007735E1 /* SampleCollectionViewCell.m */; };
		0EA7C8A42033CDCE007735E1 /* SampleCollectionViewModel.m in Sources */ = {isa = PBXBuildFile; fileRef = 0EA7C8A32033CDCE007735E1 /* SampleCollectionViewModel.m */; };
		0EA7C8A72033CE5F007735E1 /* SampleMainVO.m in Sources */ = {isa = PBXBuildFile; fileRef = 0EA7C8712032C65B007735E1 /* SampleMainVO.m */; };
		0EA7C8A82033CE5F007735E1 /* SampleSubVO.m in Sources */ = {isa = PBXBuildFile; fileRef = 0EA7C8742032C66B007735E1 /* SampleSubVO.m */; };
		0EA7C8AB2033DEA8007735E1 /* SampleSubCollectionViewCell.m in Sources */ = {isa = PBXBuildFile; fileRef = 0EA7C8AA2033DEA8007735E1 /* SampleSubCollectionViewCell.m */; };
		0EA7C8AE2033DF44007735E1 /* SampleSubCollectionViewModel.m in Sources */ = {isa = PBXBuildFile; fileRef = 0EA7C8AD2033DF44007735E1 /* SampleSubCollectionViewModel.m */; };
/* End PBXBuildFile section */

/* Begin PBXFileReference section */
		0EA7C7D320315BD4007735E1 /* 1_UIViewExample.app */ = {isa = PBXFileReference; explicitFileType = wrapper.application; includeInIndex = 0; path = 1_UIViewExample.app; sourceTree = BUILT_PRODUCTS_DIR; };
		0EA7C7D520315BD4007735E1 /* AppDelegate.h */ = {isa = PBXFileReference; lastKnownFileType = sourcecode.c.h; path = AppDelegate.h; sourceTree = "<group>"; };
		0EA7C7D620315BD4007735E1 /* AppDelegate.m */ = {isa = PBXFileReference; lastKnownFileType = sourcecode.c.objc; path = AppDelegate.m; sourceTree = "<group>"; };
		0EA7C7D820315BD4007735E1 /* ViewController.h */ = {isa = PBXFileReference; lastKnownFileType = sourcecode.c.h; path = ViewController.h; sourceTree = "<group>"; };
		0EA7C7D920315BD4007735E1 /* ViewController.m */ = {isa = PBXFileReference; lastKnownFileType = sourcecode.c.objc; path = ViewController.m; sourceTree = "<group>"; };
		0EA7C7DC20315BD5007735E1 /* Base */ = {isa = PBXFileReference; lastKnownFileType = file.storyboard; name = Base; path = Base.lproj/Main.storyboard; sourceTree = "<group>"; };
		0EA7C7DE20315BD5007735E1 /* Assets.xcassets */ = {isa = PBXFileReference; lastKnownFileType = folder.assetcatalog; path = Assets.xcassets; sourceTree = "<group>"; };
		0EA7C7E120315BD5007735E1 /* Base */ = {isa = PBXFileReference; lastKnownFileType = file.storyboard; name = Base; path = Base.lproj/LaunchScreen.storyboard; sourceTree = "<group>"; };
		0EA7C7E320315BD5007735E1 /* Info.plist */ = {isa = PBXFileReference; lastKnownFileType = text.plist.xml; path = Info.plist; sourceTree = "<group>"; };
		0EA7C7E420315BD5007735E1 /* main.m */ = {isa = PBXFileReference; lastKnownFileType = sourcecode.c.objc; path = main.m; sourceTree = "<group>"; };
		0EA7C7F120315EDB007735E1 /* ISDebugLog.h */ = {isa = PBXFileReference; fileEncoding = 4; lastKnownFileType = sourcecode.c.h; path = ISDebugLog.h; sourceTree = "<group>"; };
		0EA7C7F220315EE4007735E1 /* UIViewSampleView.m */ = {isa = PBXFileReference; fileEncoding = 4; lastKnownFileType = sourcecode.c.objc; path = UIViewSampleView.m; sourceTree = "<group>"; };
		0EA7C7F320315EE4007735E1 /* UIViewSampleView.h */ = {isa = PBXFileReference; fileEncoding = 4; lastKnownFileType = sourcecode.c.h; path = UIViewSampleView.h; sourceTree = "<group>"; };
		0EA7C7F420315EE4007735E1 /* UIViewImageSampleView.h */ = {isa = PBXFileReference; fileEncoding = 4; lastKnownFileType = sourcecode.c.h; path = UIViewImageSampleView.h; sourceTree = "<group>"; };
		0EA7C7F520315EE5007735E1 /* UIViewImageSampleView.m */ = {isa = PBXFileReference; fileEncoding = 4; lastKnownFileType = sourcecode.c.objc; path = UIViewImageSampleView.m; sourceTree = "<group>"; };
		0EA7C7FC203160DC007735E1 /* 2_ProtocolDelegateExample.app */ = {isa = PBXFileReference; explicitFileType = wrapper.application; includeInIndex = 0; path = 2_ProtocolDelegateExample.app; sourceTree = BUILT_PRODUCTS_DIR; };
		0EA7C7FE203160DC007735E1 /* AppDelegate.h */ = {isa = PBXFileReference; lastKnownFileType = sourcecode.c.h; path = AppDelegate.h; sourceTree = "<group>"; };
		0EA7C7FF203160DC007735E1 /* AppDelegate.m */ = {isa = PBXFileReference; lastKnownFileType = sourcecode.c.objc; path = AppDelegate.m; sourceTree = "<group>"; };
		0EA7C801203160DC007735E1 /* ViewController.h */ = {isa = PBXFileReference; lastKnownFileType = sourcecode.c.h; path = ViewController.h; sourceTree = "<group>"; };
		0EA7C802203160DC007735E1 /* ViewController.m */ = {isa = PBXFileReference; lastKnownFileType = sourcecode.c.objc; path = ViewController.m; sourceTree = "<group>"; };
		0EA7C805203160DC007735E1 /* Base */ = {isa = PBXFileReference; lastKnownFileType = file.storyboard; name = Base; path = Base.lproj/Main.storyboard; sourceTree = "<group>"; };
		0EA7C807203160DC007735E1 /* Assets.xcassets */ = {isa = PBXFileReference; lastKnownFileType = folder.assetcatalog; path = Assets.xcassets; sourceTree = "<group>"; };
		0EA7C80A203160DC007735E1 /* Base */ = {isa = PBXFileReference; lastKnownFileType = file.storyboard; name = Base; path = Base.lproj/LaunchScreen.storyboard; sourceTree = "<group>"; };
		0EA7C80C203160DC007735E1 /* Info.plist */ = {isa = PBXFileReference; lastKnownFileType = text.plist.xml; path = Info.plist; sourceTree = "<group>"; };
		0EA7C80D203160DC007735E1 /* main.m */ = {isa = PBXFileReference; lastKnownFileType = sourcecode.c.objc; path = main.m; sourceTree = "<group>"; };
		0EA7C81220316182007735E1 /* ProtocolDelegateViewController.m */ = {isa = PBXFileReference; fileEncoding = 4; lastKnownFileType = sourcecode.c.objc; path = ProtocolDelegateViewController.m; sourceTree = "<group>"; };
		0EA7C81320316182007735E1 /* ProtocolDelegateViewController.h */ = {isa = PBXFileReference; fileEncoding = 4; lastKnownFileType = sourcecode.c.h; path = ProtocolDelegateViewController.h; sourceTree = "<group>"; };
		0EA7C817203161A3007735E1 /* TouchSampleProtocol.h */ = {isa = PBXFileReference; fileEncoding = 4; lastKnownFileType = sourcecode.c.h; path = TouchSampleProtocol.h; sourceTree = "<group>"; };
		0EA7C819203161B2007735E1 /* ProtocolDelegateSampleUIView.m */ = {isa = PBXFileReference; fileEncoding = 4; lastKnownFileType = sourcecode.c.objc; path = ProtocolDelegateSampleUIView.m; sourceTree = "<group>"; };
		0EA7C81A203161B2007735E1 /* ProtocolDelegateTouchSampleUIView.h */ = {isa = PBXFileReference; fileEncoding = 4; lastKnownFileType = sourcecode.c.h; path = ProtocolDelegateTouchSampleUIView.h; sourceTree = "<group>"; };
		0EA7C81B203161B2007735E1 /* ProtocolDelegateTouchSampleUIView.m */ = {isa = PBXFileReference; fileEncoding = 4; lastKnownFileType = sourcecode.c.objc; path = ProtocolDelegateTouchSampleUIView.m; sourceTree = "<group>"; };
		0EA7C81C203161B2007735E1 /* ProtocolDelegateSampleUIView.h */ = {isa = PBXFileReference; fileEncoding = 4; lastKnownFileType = sourcecode.c.h; path = ProtocolDelegateSampleUIView.h; sourceTree = "<group>"; };
		0EA7C820203161BB007735E1 /* TouchSamplProtocolImplButDoesNotRespondsSelector.m */ = {isa = PBXFileReference; fileEncoding = 4; lastKnownFileType = sourcecode.c.objc; path = TouchSamplProtocolImplButDoesNotRespondsSelector.m; sourceTree = "<group>"; };
		0EA7C821203161BB007735E1 /* TouchSampleProtocolImpl.h */ = {isa = PBXFileReference; fileEncoding = 4; lastKnownFileType = sourcecode.c.h; path = TouchSampleProtocolImpl.h; sourceTree = "<group>"; };
		0EA7C822203161BB007735E1 /* TouchSamplProtocolImplButDoesNotRespondsSelector.h */ = {isa = PBXFileReference; fileEncoding = 4; lastKnownFileType = sourcecode.c.h; path = TouchSamplProtocolImplButDoesNotRespondsSelector.h; sourceTree = "<group>"; };
		0EA7C823203161BB007735E1 /* TouchSampleProtocolImpl.m */ = {isa = PBXFileReference; fileEncoding = 4; lastKnownFileType = sourcecode.c.objc; path = TouchSampleProtocolImpl.m; sourceTree = "<group>"; };
		0EA7C82F2032903F007735E1 /* 3_TableViewExample.app */ = {isa = PBXFileReference; explicitFileType = wrapper.application; includeInIndex = 0; path = 3_TableViewExample.app; sourceTree = BUILT_PRODUCTS_DIR; };
		0EA7C8312032903F007735E1 /* AppDelegate.h */ = {isa = PBXFileReference; lastKnownFileType = sourcecode.c.h; path = AppDelegate.h; sourceTree = "<group>"; };
		0EA7C8322032903F007735E1 /* AppDelegate.m */ = {isa = PBXFileReference; lastKnownFileType = sourcecode.c.objc; path = AppDelegate.m; sourceTree = "<group>"; };
		0EA7C8342032903F007735E1 /* ViewController.h */ = {isa = PBXFileReference; lastKnownFileType = sourcecode.c.h; path = ViewController.h; sourceTree = "<group>"; };
		0EA7C8352032903F007735E1 /* ViewController.m */ = {isa = PBXFileReference; lastKnownFileType = sourcecode.c.objc; path = ViewController.m; sourceTree = "<group>"; };
		0EA7C8382032903F007735E1 /* Base */ = {isa = PBXFileReference; lastKnownFileType = file.storyboard; name = Base; path = Base.lproj/Main.storyboard; sourceTree = "<group>"; };
		0EA7C83A2032903F007735E1 /* Assets.xcassets */ = {isa = PBXFileReference; lastKnownFileType = folder.assetcatalog; path = Assets.xcassets; sourceTree = "<group>"; };
		0EA7C83D2032903F007735E1 /* Base */ = {isa = PBXFileReference; lastKnownFileType = file.storyboard; name = Base; path = Base.lproj/LaunchScreen.storyboard; sourceTree = "<group>"; };
		0EA7C83F2032903F007735E1 /* Info.plist */ = {isa = PBXFileReference; lastKnownFileType = text.plist.xml; path = Info.plist; sourceTree = "<group>"; };
		0EA7C8402032903F007735E1 /* main.m */ = {isa = PBXFileReference; lastKnownFileType = sourcecode.c.objc; path = main.m; sourceTree = "<group>"; };
		0EA7C84C203292DE007735E1 /* SampleTableViewCell.h */ = {isa = PBXFileReference; lastKnownFileType = sourcecode.c.h; path = SampleTableViewCell.h; sourceTree = "<group>"; };
		0EA7C84D203292DE007735E1 /* SampleTableViewCell.m */ = {isa = PBXFileReference; lastKnownFileType = sourcecode.c.objc; path = SampleTableViewCell.m; sourceTree = "<group>"; };
		0EA7C84F2032A034007735E1 /* SampleTableViewController.h */ = {isa = PBXFileReference; lastKnownFileType = sourcecode.c.h; path = SampleTableViewController.h; sourceTree = "<group>"; };
		0EA7C8502032A034007735E1 /* SampleTableViewController.m */ = {isa = PBXFileReference; lastKnownFileType = sourcecode.c.objc; path = SampleTableViewController.m; sourceTree = "<group>"; };
		0EA7C8562032C438007735E1 /* 4_MultiCellTableViewExample.app */ = {isa = PBXFileReference; explicitFileType = wrapper.application; includeInIndex = 0; path = 4_MultiCellTableViewExample.app; sourceTree = BUILT_PRODUCTS_DIR; };
		0EA7C8582032C439007735E1 /* AppDelegate.h */ = {isa = PBXFileReference; lastKnownFileType = sourcecode.c.h; path = AppDelegate.h; sourceTree = "<group>"; };
		0EA7C8592032C439007735E1 /* AppDelegate.m */ = {isa = PBXFileReference; lastKnownFileType = sourcecode.c.objc; path = AppDelegate.m; sourceTree = "<group>"; };
		0EA7C85B2032C439007735E1 /* ViewController.h */ = {isa = PBXFileReference; lastKnownFileType = sourcecode.c.h; path = ViewController.h; sourceTree = "<group>"; };
		0EA7C85C2032C439007735E1 /* ViewController.m */ = {isa = PBXFileReference; lastKnownFileType = sourcecode.c.objc; path = ViewController.m; sourceTree = "<group>"; };
		0EA7C85F2032C439007735E1 /* Base */ = {isa = PBXFileReference; lastKnownFileType = file.storyboard; name = Base; path = Base.lproj/Main.storyboard; sourceTree = "<group>"; };
		0EA7C8612032C439007735E1 /* Assets.xcassets */ = {isa = PBXFileReference; lastKnownFileType = folder.assetcatalog; path = Assets.xcassets; sourceTree = "<group>"; };
		0EA7C8642032C439007735E1 /* Base */ = {isa = PBXFileReference; lastKnownFileType = file.storyboard; name = Base; path = Base.lproj/LaunchScreen.storyboard; sourceTree = "<group>"; };
		0EA7C8662032C439007735E1 /* Info.plist */ = {isa = PBXFileReference; lastKnownFileType = text.plist.xml; path = Info.plist; sourceTree = "<group>"; };
		0EA7C8672032C439007735E1 /* main.m */ = {isa = PBXFileReference; lastKnownFileType = sourcecode.c.objc; path = main.m; sourceTree = "<group>"; };
		0EA7C8702032C65B007735E1 /* SampleMainVO.h */ = {isa = PBXFileReference; lastKnownFileType = sourcecode.c.h; path = SampleMainVO.h; sourceTree = "<group>"; };
		0EA7C8712032C65B007735E1 /* SampleMainVO.m */ = {isa = PBXFileReference; lastKnownFileType = sourcecode.c.objc; path = SampleMainVO.m; sourceTree = "<group>"; };
		0EA7C8732032C66B007735E1 /* SampleSubVO.h */ = {isa = PBXFileReference; lastKnownFileType = sourcecode.c.h; path = SampleSubVO.h; sourceTree = "<group>"; };
		0EA7C8742032C66B007735E1 /* SampleSubVO.m */ = {isa = PBXFileReference; lastKnownFileType = sourcecode.c.objc; path = SampleSubVO.m; sourceTree = "<group>"; };
		0EA7C8762032C6D8007735E1 /* SampleMainViewModel.h */ = {isa = PBXFileReference; lastKnownFileType = sourcecode.c.h; path = SampleMainViewModel.h; sourceTree = "<group>"; };
		0EA7C8772032C6D8007735E1 /* SampleMainViewModel.m */ = {isa = PBXFileReference; lastKnownFileType = sourcecode.c.objc; path = SampleMainViewModel.m; sourceTree = "<group>"; };
		0EA7C8792032C6E6007735E1 /* SampleSubViewModel.h */ = {isa = PBXFileReference; lastKnownFileType = sourcecode.c.h; path = SampleSubViewModel.h; sourceTree = "<group>"; };
		0EA7C87A2032C6E6007735E1 /* SampleSubViewModel.m */ = {isa = PBXFileReference; lastKnownFileType = sourcecode.c.objc; path = SampleSubViewModel.m; sourceTree = "<group>"; };
		0EA7C87C2032C704007735E1 /* SampleViewModelProtocol.h */ = {isa = PBXFileReference; lastKnownFileType = sourcecode.c.h; path = SampleViewModelProtocol.h; sourceTree = "<group>"; };
		0EA7C87D2032C890007735E1 /* SampleMainTableViewCell.h */ = {isa = PBXFileReference; lastKnownFileType = sourcecode.c.h; path = SampleMainTableViewCell.h; sourceTree = "<group>"; };
		0EA7C87E2032C890007735E1 /* SampleMainTableViewCell.m */ = {isa = PBXFileReference; lastKnownFileType = sourcecode.c.objc; path = SampleMainTableViewCell.m; sourceTree = "<group>"; };
		0EA7C8802032C89A007735E1 /* SampleSubTableViewCell.h */ = {isa = PBXFileReference; lastKnownFileType = sourcecode.c.h; path = SampleSubTableViewCell.h; sourceTree = "<group>"; };
		0EA7C8812032C89A007735E1 /* SampleSubTableViewCell.m */ = {isa = PBXFileReference; lastKnownFileType = sourcecode.c.objc; path = SampleSubTableViewCell.m; sourceTree = "<group>"; };
		0EA7C8872032DB75007735E1 /* 5_CollectionVIewExample.app */ = {isa = PBXFileReference; explicitFileType = wrapper.application; includeInIndex = 0; path = 5_CollectionVIewExample.app; sourceTree = BUILT_PRODUCTS_DIR; };
		0EA7C8892032DB75007735E1 /* AppDelegate.h */ = {isa = PBXFileReference; lastKnownFileType = sourcecode.c.h; path = AppDelegate.h; sourceTree = "<group>"; };
		0EA7C88A2032DB75007735E1 /* AppDelegate.m */ = {isa = PBXFileReference; lastKnownFileType = sourcecode.c.objc; path = AppDelegate.m; sourceTree = "<group>"; };
		0EA7C88C2032DB75007735E1 /* ViewController.h */ = {isa = PBXFileReference; lastKnownFileType = sourcecode.c.h; path = ViewController.h; sourceTree = "<group>"; };
		0EA7C88D2032DB75007735E1 /* ViewController.m */ = {isa = PBXFileReference; lastKnownFileType = sourcecode.c.objc; path = ViewController.m; sourceTree = "<group>"; };
		0EA7C8902032DB75007735E1 /* Base */ = {isa = PBXFileReference; lastKnownFileType = file.storyboard; name = Base; path = Base.lproj/Main.storyboard; sourceTree = "<group>"; };
		0EA7C8922032DB75007735E1 /* Assets.xcassets */ = {isa = PBXFileReference; lastKnownFileType = folder.assetcatalog; path = Assets.xcassets; sourceTree = "<group>"; };
		0EA7C8952032DB75007735E1 /* Base */ = {isa = PBXFileReference; lastKnownFileType = file.storyboard; name = Base; path = Base.lproj/LaunchScreen.storyboard; sourceTree = "<group>"; };
		0EA7C8972032DB75007735E1 /* Info.plist */ = {isa = PBXFileReference; lastKnownFileType = text.plist.xml; path = Info.plist; sourceTree = "<group>"; };
		0EA7C8982032DB75007735E1 /* main.m */ = {isa = PBXFileReference; lastKnownFileType = sourcecode.c.objc; path = main.m; sourceTree = "<group>"; };
		0EA7C89E2033CD0C007735E1 /* SampleCollectionViewCell.h */ = {isa = PBXFileReference; lastKnownFileType = sourcecode.c.h; path = SampleCollectionViewCell.h; sourceTree = "<group>"; };
		0EA7C89F2033CD0C007735E1 /* SampleCollectionViewCell.m */ = {isa = PBXFileReference; lastKnownFileType = sourcecode.c.objc; path = SampleCollectionViewCell.m; sourceTree = "<group>"; };
		0EA7C8A22033CDCE007735E1 /* SampleCollectionViewModel.h */ = {isa = PBXFileReference; lastKnownFileType = sourcecode.c.h; path = SampleCollectionViewModel.h; sourceTree = "<group>"; };
		0EA7C8A32033CDCE007735E1 /* SampleCollectionViewModel.m */ = {isa = PBXFileReference; lastKnownFileType = sourcecode.c.objc; path = SampleCollectionViewModel.m; sourceTree = "<group>"; };
		0EA7C8A52033CDF4007735E1 /* SampleCollectionViewModelProtocol.h */ = {isa = PBXFileReference; lastKnownFileType = sourcecode.c.h; path = SampleCollectionViewModelProtocol.h; sourceTree = "<group>"; };
		0EA7C8A92033DEA8007735E1 /* SampleSubCollectionViewCell.h */ = {isa = PBXFileReference; lastKnownFileType = sourcecode.c.h; path = SampleSubCollectionViewCell.h; sourceTree = "<group>"; };
		0EA7C8AA2033DEA8007735E1 /* SampleSubCollectionViewCell.m */ = {isa = PBXFileReference; lastKnownFileType = sourcecode.c.objc; path = SampleSubCollectionViewCell.m; sourceTree = "<group>"; };
		0EA7C8AC2033DF44007735E1 /* SampleSubCollectionViewModel.h */ = {isa = PBXFileReference; lastKnownFileType = sourcecode.c.h; path = SampleSubCollectionViewModel.h; sourceTree = "<group>"; };
		0EA7C8AD2033DF44007735E1 /* SampleSubCollectionViewModel.m */ = {isa = PBXFileReference; lastKnownFileType = sourcecode.c.objc; path = SampleSubCollectionViewModel.m; sourceTree = "<group>"; };
/* End PBXFileReference section */

/* Begin PBXFrameworksBuildPhase section */
		0EA7C7D020315BD4007735E1 /* Frameworks */ = {
			isa = PBXFrameworksBuildPhase;
			buildActionMask = 2147483647;
			files = (
			);
			runOnlyForDeploymentPostprocessing = 0;
		};
		0EA7C7F9203160DC007735E1 /* Frameworks */ = {
			isa = PBXFrameworksBuildPhase;
			buildActionMask = 2147483647;
			files = (
			);
			runOnlyForDeploymentPostprocessing = 0;
		};
		0EA7C82C2032903F007735E1 /* Frameworks */ = {
			isa = PBXFrameworksBuildPhase;
			buildActionMask = 2147483647;
			files = (
			);
			runOnlyForDeploymentPostprocessing = 0;
		};
		0EA7C8532032C438007735E1 /* Frameworks */ = {
			isa = PBXFrameworksBuildPhase;
			buildActionMask = 2147483647;
			files = (
			);
			runOnlyForDeploymentPostprocessing = 0;
		};
		0EA7C8842032DB75007735E1 /* Frameworks */ = {
			isa = PBXFrameworksBuildPhase;
			buildActionMask = 2147483647;
			files = (
			);
			runOnlyForDeploymentPostprocessing = 0;
		};
/* End PBXFrameworksBuildPhase section */

/* Begin PBXGroup section */
		0E41D883200599A1005069F1 = {
			isa = PBXGroup;
			children = (
				0EA7C86C2032C46B007735E1 /* Common */,
				0EA7C7D420315BD4007735E1 /* 1_UIViewExample */,
				0EA7C7FD203160DC007735E1 /* 2_ProtocolDelegateExample */,
				0EA7C8302032903F007735E1 /* 3_TableViewExample */,
				0EA7C8572032C439007735E1 /* 4_MultiCellTableViewExample */,
				0EA7C8882032DB75007735E1 /* 5_CollectionVIewExample */,
				0E41D88D200599A1005069F1 /* Products */,
			);
			sourceTree = "<group>";
		};
		0E41D88D200599A1005069F1 /* Products */ = {
			isa = PBXGroup;
			children = (
				0EA7C7D320315BD4007735E1 /* 1_UIViewExample.app */,
				0EA7C7FC203160DC007735E1 /* 2_ProtocolDelegateExample.app */,
				0EA7C82F2032903F007735E1 /* 3_TableViewExample.app */,
				0EA7C8562032C438007735E1 /* 4_MultiCellTableViewExample.app */,
				0EA7C8872032DB75007735E1 /* 5_CollectionVIewExample.app */,
			);
			name = Products;
			sourceTree = "<group>";
		};
		0EA7C7D420315BD4007735E1 /* 1_UIViewExample */ = {
			isa = PBXGroup;
			children = (
				0EA7C7EF20315EB0007735E1 /* UIView */,
				0EA7C7D520315BD4007735E1 /* AppDelegate.h */,
				0EA7C7D620315BD4007735E1 /* AppDelegate.m */,
				0EA7C7D820315BD4007735E1 /* ViewController.h */,
				0EA7C7D920315BD4007735E1 /* ViewController.m */,
				0EA7C7DB20315BD5007735E1 /* Main.storyboard */,
				0EA7C7DE20315BD5007735E1 /* Assets.xcassets */,
				0EA7C7E020315BD5007735E1 /* LaunchScreen.storyboard */,
				0EA7C7E320315BD5007735E1 /* Info.plist */,
				0EA7C7E420315BD5007735E1 /* main.m */,
			);
			path = 1_UIViewExample;
			sourceTree = "<group>";
		};
		0EA7C7EF20315EB0007735E1 /* UIView */ = {
			isa = PBXGroup;
			children = (
				0EA7C7F320315EE4007735E1 /* UIViewSampleView.h */,
				0EA7C7F220315EE4007735E1 /* UIViewSampleView.m */,
				0EA7C7F420315EE4007735E1 /* UIViewImageSampleView.h */,
				0EA7C7F520315EE5007735E1 /* UIViewImageSampleView.m */,
			);
			path = UIView;
			sourceTree = "<group>";
		};
		0EA7C7FD203160DC007735E1 /* 2_ProtocolDelegateExample */ = {
			isa = PBXGroup;
			children = (
				0EA7C816203161A3007735E1 /* Protocol */,
				0EA7C818203161B2007735E1 /* ProtocolDelegateUIView */,
				0EA7C81F203161BB007735E1 /* ProtocolImpl */,
				0EA7C7FE203160DC007735E1 /* AppDelegate.h */,
				0EA7C7FF203160DC007735E1 /* AppDelegate.m */,
				0EA7C801203160DC007735E1 /* ViewController.h */,
				0EA7C802203160DC007735E1 /* ViewController.m */,
				0EA7C81320316182007735E1 /* ProtocolDelegateViewController.h */,
				0EA7C81220316182007735E1 /* ProtocolDelegateViewController.m */,
				0EA7C804203160DC007735E1 /* Main.storyboard */,
				0EA7C807203160DC007735E1 /* Assets.xcassets */,
				0EA7C809203160DC007735E1 /* LaunchScreen.storyboard */,
				0EA7C80C203160DC007735E1 /* Info.plist */,
				0EA7C80D203160DC007735E1 /* main.m */,
			);
			path = 2_ProtocolDelegateExample;
			sourceTree = "<group>";
		};
		0EA7C816203161A3007735E1 /* Protocol */ = {
			isa = PBXGroup;
			children = (
				0EA7C817203161A3007735E1 /* TouchSampleProtocol.h */,
			);
			path = Protocol;
			sourceTree = "<group>";
		};
		0EA7C818203161B2007735E1 /* ProtocolDelegateUIView */ = {
			isa = PBXGroup;
			children = (
				0EA7C81C203161B2007735E1 /* ProtocolDelegateSampleUIView.h */,
				0EA7C819203161B2007735E1 /* ProtocolDelegateSampleUIView.m */,
				0EA7C81A203161B2007735E1 /* ProtocolDelegateTouchSampleUIView.h */,
				0EA7C81B203161B2007735E1 /* ProtocolDelegateTouchSampleUIView.m */,
			);
			path = ProtocolDelegateUIView;
			sourceTree = "<group>";
		};
		0EA7C81F203161BB007735E1 /* ProtocolImpl */ = {
			isa = PBXGroup;
			children = (
				0EA7C822203161BB007735E1 /* TouchSamplProtocolImplButDoesNotRespondsSelector.h */,
				0EA7C820203161BB007735E1 /* TouchSamplProtocolImplButDoesNotRespondsSelector.m */,
				0EA7C821203161BB007735E1 /* TouchSampleProtocolImpl.h */,
				0EA7C823203161BB007735E1 /* TouchSampleProtocolImpl.m */,
			);
			path = ProtocolImpl;
			sourceTree = "<group>";
		};
		0EA7C8302032903F007735E1 /* 3_TableViewExample */ = {
			isa = PBXGroup;
			children = (
				0EA7C84B203290AF007735E1 /* TableViewCell */,
				0EA7C8312032903F007735E1 /* AppDelegate.h */,
				0EA7C8322032903F007735E1 /* AppDelegate.m */,
				0EA7C8342032903F007735E1 /* ViewController.h */,
				0EA7C8352032903F007735E1 /* ViewController.m */,
				0EA7C84F2032A034007735E1 /* SampleTableViewController.h */,
				0EA7C8502032A034007735E1 /* SampleTableViewController.m */,
				0EA7C8372032903F007735E1 /* Main.storyboard */,
				0EA7C83A2032903F007735E1 /* Assets.xcassets */,
				0EA7C83C2032903F007735E1 /* LaunchScreen.storyboard */,
				0EA7C83F2032903F007735E1 /* Info.plist */,
				0EA7C8402032903F007735E1 /* main.m */,
			);
			path = 3_TableViewExample;
			sourceTree = "<group>";
		};
		0EA7C84B203290AF007735E1 /* TableViewCell */ = {
			isa = PBXGroup;
			children = (
				0EA7C84C203292DE007735E1 /* SampleTableViewCell.h */,
				0EA7C84D203292DE007735E1 /* SampleTableViewCell.m */,
			);
			path = TableViewCell;
			sourceTree = "<group>";
		};
		0EA7C8572032C439007735E1 /* 4_MultiCellTableViewExample */ = {
			isa = PBXGroup;
			children = (
				0EA7C86E2032C5DC007735E1 /* VO */,
				0EA7C86F2032C5F3007735E1 /* ViewModel */,
				0EA7C86D2032C5CA007735E1 /* TableViewCell */,
				0EA7C8582032C439007735E1 /* AppDelegate.h */,
				0EA7C8592032C439007735E1 /* AppDelegate.m */,
				0EA7C85B2032C439007735E1 /* ViewController.h */,
				0EA7C85C2032C439007735E1 /* ViewController.m */,
				0EA7C85E2032C439007735E1 /* Main.storyboard */,
				0EA7C8612032C439007735E1 /* Assets.xcassets */,
				0EA7C8632032C439007735E1 /* LaunchScreen.storyboard */,
				0EA7C8662032C439007735E1 /* Info.plist */,
				0EA7C8672032C439007735E1 /* main.m */,
			);
			path = 4_MultiCellTableViewExample;
			sourceTree = "<group>";
		};
		0EA7C86C2032C46B007735E1 /* Common */ = {
			isa = PBXGroup;
			children = (
				0EA7C7F120315EDB007735E1 /* ISDebugLog.h */,
			);
			path = Common;
			sourceTree = "<group>";
		};
		0EA7C86D2032C5CA007735E1 /* TableViewCell */ = {
			isa = PBXGroup;
			children = (
				0EA7C87D2032C890007735E1 /* SampleMainTableViewCell.h */,
				0EA7C87E2032C890007735E1 /* SampleMainTableViewCell.m */,
				0EA7C8802032C89A007735E1 /* SampleSubTableViewCell.h */,
				0EA7C8812032C89A007735E1 /* SampleSubTableViewCell.m */,
			);
			path = TableViewCell;
			sourceTree = "<group>";
		};
		0EA7C86E2032C5DC007735E1 /* VO */ = {
			isa = PBXGroup;
			children = (
				0EA7C8702032C65B007735E1 /* SampleMainVO.h */,
				0EA7C8712032C65B007735E1 /* SampleMainVO.m */,
				0EA7C8732032C66B007735E1 /* SampleSubVO.h */,
				0EA7C8742032C66B007735E1 /* SampleSubVO.m */,
			);
			path = VO;
			sourceTree = "<group>";
		};
		0EA7C86F2032C5F3007735E1 /* ViewModel */ = {
			isa = PBXGroup;
			children = (
				0EA7C87C2032C704007735E1 /* SampleViewModelProtocol.h */,
				0EA7C8762032C6D8007735E1 /* SampleMainViewModel.h */,
				0EA7C8772032C6D8007735E1 /* SampleMainViewModel.m */,
				0EA7C8792032C6E6007735E1 /* SampleSubViewModel.h */,
				0EA7C87A2032C6E6007735E1 /* SampleSubViewModel.m */,
			);
			path = ViewModel;
			sourceTree = "<group>";
		};
		0EA7C8882032DB75007735E1 /* 5_CollectionVIewExample */ = {
			isa = PBXGroup;
			children = (
				0EA7C8A12033CDAF007735E1 /* ViewModel */,
				0EA7C89D2033CCEA007735E1 /* CollectionViewCell */,
				0EA7C8892032DB75007735E1 /* AppDelegate.h */,
				0EA7C88A2032DB75007735E1 /* AppDelegate.m */,
				0EA7C88C2032DB75007735E1 /* ViewController.h */,
				0EA7C88D2032DB75007735E1 /* ViewController.m */,
				0EA7C88F2032DB75007735E1 /* Main.storyboard */,
				0EA7C8922032DB75007735E1 /* Assets.xcassets */,
				0EA7C8942032DB75007735E1 /* LaunchScreen.storyboard */,
				0EA7C8972032DB75007735E1 /* Info.plist */,
				0EA7C8982032DB75007735E1 /* main.m */,
			);
			path = 5_CollectionVIewExample;
			sourceTree = "<group>";
		};
		0EA7C89D2033CCEA007735E1 /* CollectionViewCell */ = {
			isa = PBXGroup;
			children = (
				0EA7C89E2033CD0C007735E1 /* SampleCollectionViewCell.h */,
				0EA7C89F2033CD0C007735E1 /* SampleCollectionViewCell.m */,
				0EA7C8A92033DEA8007735E1 /* SampleSubCollectionViewCell.h */,
				0EA7C8AA2033DEA8007735E1 /* SampleSubCollectionViewCell.m */,
			);
			path = CollectionViewCell;
			sourceTree = "<group>";
		};
		0EA7C8A12033CDAF007735E1 /* ViewModel */ = {
			isa = PBXGroup;
			children = (
				0EA7C8A52033CDF4007735E1 /* SampleCollectionViewModelProtocol.h */,
				0EA7C8A22033CDCE007735E1 /* SampleCollectionViewModel.h */,
				0EA7C8A32033CDCE007735E1 /* SampleCollectionViewModel.m */,
				0EA7C8AC2033DF44007735E1 /* SampleSubCollectionViewModel.h */,
				0EA7C8AD2033DF44007735E1 /* SampleSubCollectionViewModel.m */,
			);
			path = ViewModel;
			sourceTree = "<group>";
		};
/* End PBXGroup section */

/* Begin PBXNativeTarget section */
		0EA7C7D220315BD4007735E1 /* 1_UIViewExample */ = {
			isa = PBXNativeTarget;
			buildConfigurationList = 0EA7C7E620315BD5007735E1 /* Build configuration list for PBXNativeTarget "1_UIViewExample" */;
			buildPhases = (
				0EA7C7CF20315BD4007735E1 /* Sources */,
				0EA7C7D020315BD4007735E1 /* Frameworks */,
				0EA7C7D120315BD4007735E1 /* Resources */,
			);
			buildRules = (
			);
			dependencies = (
			);
			name = 1_UIViewExample;
			productName = 1_UIViewExample;
			productReference = 0EA7C7D320315BD4007735E1 /* 1_UIViewExample.app */;
			productType = "com.apple.product-type.application";
		};
		0EA7C7FB203160DC007735E1 /* 2_ProtocolDelegateExample */ = {
			isa = PBXNativeTarget;
			buildConfigurationList = 0EA7C80F203160DC007735E1 /* Build configuration list for PBXNativeTarget "2_ProtocolDelegateExample" */;
			buildPhases = (
				0EA7C7F8203160DC007735E1 /* Sources */,
				0EA7C7F9203160DC007735E1 /* Frameworks */,
				0EA7C7FA203160DC007735E1 /* Resources */,
			);
			buildRules = (
			);
			dependencies = (
			);
			name = 2_ProtocolDelegateExample;
			productName = 2_ProtocolDelegateExample;
			productReference = 0EA7C7FC203160DC007735E1 /* 2_ProtocolDelegateExample.app */;
			productType = "com.apple.product-type.application";
		};
		0EA7C82E2032903F007735E1 /* 3_TableViewExample */ = {
			isa = PBXNativeTarget;
			buildConfigurationList = 0EA7C8422032903F007735E1 /* Build configuration list for PBXNativeTarget "3_TableViewExample" */;
			buildPhases = (
				0EA7C82B2032903F007735E1 /* Sources */,
				0EA7C82C2032903F007735E1 /* Frameworks */,
				0EA7C82D2032903F007735E1 /* Resources */,
			);
			buildRules = (
			);
			dependencies = (
			);
			name = 3_TableViewExample;
			productName = 3_TableViewExample;
			productReference = 0EA7C82F2032903F007735E1 /* 3_TableViewExample.app */;
			productType = "com.apple.product-type.application";
		};
		0EA7C8552032C438007735E1 /* 4_MultiCellTableViewExample */ = {
			isa = PBXNativeTarget;
			buildConfigurationList = 0EA7C8692032C439007735E1 /* Build configuration list for PBXNativeTarget "4_MultiCellTableViewExample" */;
			buildPhases = (
				0EA7C8522032C438007735E1 /* Sources */,
				0EA7C8532032C438007735E1 /* Frameworks */,
				0EA7C8542032C438007735E1 /* Resources */,
			);
			buildRules = (
			);
			dependencies = (
			);
			name = 4_MultiCellTableViewExample;
			productName = 4_MultiCellTableViewExample;
			productReference = 0EA7C8562032C438007735E1 /* 4_MultiCellTableViewExample.app */;
			productType = "com.apple.product-type.application";
		};
		0EA7C8862032DB75007735E1 /* 5_CollectionVIewExample */ = {
			isa = PBXNativeTarget;
			buildConfigurationList = 0EA7C89A2032DB75007735E1 /* Build configuration list for PBXNativeTarget "5_CollectionVIewExample" */;
			buildPhases = (
				0EA7C8832032DB75007735E1 /* Sources */,
				0EA7C8842032DB75007735E1 /* Frameworks */,
				0EA7C8852032DB75007735E1 /* Resources */,
			);
			buildRules = (
			);
			dependencies = (
			);
			name = 5_CollectionVIewExample;
			productName = 5_CollectionVIewExample;
			productReference = 0EA7C8872032DB75007735E1 /* 5_CollectionVIewExample.app */;
			productType = "com.apple.product-type.application";
		};
/* End PBXNativeTarget section */

/* Begin PBXProject section */
		0E41D884200599A1005069F1 /* Project object */ = {
			isa = PBXProject;
			attributes = {
				LastUpgradeCheck = 0920;
				ORGANIZATIONNAME = tigi;
				TargetAttributes = {
					0EA7C7D220315BD4007735E1 = {
						CreatedOnToolsVersion = 9.2;
						ProvisioningStyle = Automatic;
					};
					0EA7C7FB203160DC007735E1 = {
						CreatedOnToolsVersion = 9.2;
						ProvisioningStyle = Automatic;
					};
					0EA7C82E2032903F007735E1 = {
						CreatedOnToolsVersion = 9.2;
						ProvisioningStyle = Automatic;
					};
					0EA7C8552032C438007735E1 = {
						CreatedOnToolsVersion = 9.2;
						ProvisioningStyle = Automatic;
					};
					0EA7C8862032DB75007735E1 = {
						CreatedOnToolsVersion = 9.2;
						ProvisioningStyle = Automatic;
					};
				};
			};
			buildConfigurationList = 0E41D887200599A1005069F1 /* Build configuration list for PBXProject "iosStudy" */;
			compatibilityVersion = "Xcode 8.0";
			developmentRegion = en;
			hasScannedForEncodings = 0;
			knownRegions = (
				en,
				Base,
			);
			mainGroup = 0E41D883200599A1005069F1;
			productRefGroup = 0E41D88D200599A1005069F1 /* Products */;
			projectDirPath = "";
			projectRoot = "";
			targets = (
				0EA7C7D220315BD4007735E1 /* 1_UIViewExample */,
				0EA7C7FB203160DC007735E1 /* 2_ProtocolDelegateExample */,
				0EA7C82E2032903F007735E1 /* 3_TableViewExample */,
				0EA7C8552032C438007735E1 /* 4_MultiCellTableViewExample */,
				0EA7C8862032DB75007735E1 /* 5_CollectionVIewExample */,
			);
		};
/* End PBXProject section */

/* Begin PBXResourcesBuildPhase section */
		0EA7C7D120315BD4007735E1 /* Resources */ = {
			isa = PBXResourcesBuildPhase;
			buildActionMask = 2147483647;
			files = (
				0EA7C7E220315BD5007735E1 /* LaunchScreen.storyboard in Resources */,
				0EA7C7DF20315BD5007735E1 /* Assets.xcassets in Resources */,
				0EA7C7DD20315BD5007735E1 /* Main.storyboard in Resources */,
			);
			runOnlyForDeploymentPostprocessing = 0;
		};
		0EA7C7FA203160DC007735E1 /* Resources */ = {
			isa = PBXResourcesBuildPhase;
			buildActionMask = 2147483647;
			files = (
				0EA7C80B203160DC007735E1 /* LaunchScreen.storyboard in Resources */,
				0EA7C808203160DC007735E1 /* Assets.xcassets in Resources */,
				0EA7C806203160DC007735E1 /* Main.storyboard in Resources */,
			);
			runOnlyForDeploymentPostprocessing = 0;
		};
		0EA7C82D2032903F007735E1 /* Resources */ = {
			isa = PBXResourcesBuildPhase;
			buildActionMask = 2147483647;
			files = (
				0EA7C83E2032903F007735E1 /* LaunchScreen.storyboard in Resources */,
				0EA7C83B2032903F007735E1 /* Assets.xcassets in Resources */,
				0EA7C8392032903F007735E1 /* Main.storyboard in Resources */,
			);
			runOnlyForDeploymentPostprocessing = 0;
		};
		0EA7C8542032C438007735E1 /* Resources */ = {
			isa = PBXResourcesBuildPhase;
			buildActionMask = 2147483647;
			files = (
				0EA7C8652032C439007735E1 /* LaunchScreen.storyboard in Resources */,
				0EA7C8622032C439007735E1 /* Assets.xcassets in Resources */,
				0EA7C8602032C439007735E1 /* Main.storyboard in Resources */,
			);
			runOnlyForDeploymentPostprocessing = 0;
		};
		0EA7C8852032DB75007735E1 /* Resources */ = {
			isa = PBXResourcesBuildPhase;
			buildActionMask = 2147483647;
			files = (
				0EA7C8962032DB75007735E1 /* LaunchScreen.storyboard in Resources */,
				0EA7C8932032DB75007735E1 /* Assets.xcassets in Resources */,
				0EA7C8912032DB75007735E1 /* Main.storyboard in Resources */,
			);
			runOnlyForDeploymentPostprocessing = 0;
		};
/* End PBXResourcesBuildPhase section */

/* Begin PBXSourcesBuildPhase section */
		0EA7C7CF20315BD4007735E1 /* Sources */ = {
			isa = PBXSourcesBuildPhase;
			buildActionMask = 2147483647;
			files = (
				0EA7C7DA20315BD4007735E1 /* ViewController.m in Sources */,
				0EA7C7E520315BD5007735E1 /* main.m in Sources */,
				0EA7C7F720315EE5007735E1 /* UIViewImageSampleView.m in Sources */,
				0EA7C7D720315BD4007735E1 /* AppDelegate.m in Sources */,
				0EA7C7F620315EE5007735E1 /* UIViewSampleView.m in Sources */,
			);
			runOnlyForDeploymentPostprocessing = 0;
		};
		0EA7C7F8203160DC007735E1 /* Sources */ = {
			isa = PBXSourcesBuildPhase;
			buildActionMask = 2147483647;
			files = (
				0EA7C82820316238007735E1 /* UIViewImageSampleView.m in Sources */,
				0EA7C82A20316238007735E1 /* UIViewSampleView.m in Sources */,
				0EA7C803203160DC007735E1 /* ViewController.m in Sources */,
				0EA7C80E203160DC007735E1 /* main.m in Sources */,
				0EA7C824203161BB007735E1 /* TouchSamplProtocolImplButDoesNotRespondsSelector.m in Sources */,
				0EA7C81D203161B2007735E1 /* ProtocolDelegateSampleUIView.m in Sources */,
				0EA7C81E203161B2007735E1 /* ProtocolDelegateTouchSampleUIView.m in Sources */,
				0EA7C825203161BB007735E1 /* TouchSampleProtocolImpl.m in Sources */,
				0EA7C81420316182007735E1 /* ProtocolDelegateViewController.m in Sources */,
				0EA7C800203160DC007735E1 /* AppDelegate.m in Sources */,
			);
			runOnlyForDeploymentPostprocessing = 0;
		};
		0EA7C82B2032903F007735E1 /* Sources */ = {
			isa = PBXSourcesBuildPhase;
			buildActionMask = 2147483647;
			files = (
				0EA7C84520329061007735E1 /* UIViewImageSampleView.m in Sources */,
				0EA7C84620329061007735E1 /* UIViewSampleView.m in Sources */,
				0EA7C84720329061007735E1 /* ProtocolDelegateSampleUIView.m in Sources */,
				0EA7C84820329061007735E1 /* ProtocolDelegateTouchSampleUIView.m in Sources */,
				0EA7C84920329061007735E1 /* TouchSamplProtocolImplButDoesNotRespondsSelector.m in Sources */,
				0EA7C84A20329061007735E1 /* TouchSampleProtocolImpl.m in Sources */,
				0EA7C8362032903F007735E1 /* ViewController.m in Sources */,
				0EA7C8512032A034007735E1 /* SampleTableViewController.m in Sources */,
				0EA7C84E203292DE007735E1 /* SampleTableViewCell.m in Sources */,
				0EA7C8412032903F007735E1 /* main.m in Sources */,
				0EA7C8332032903F007735E1 /* AppDelegate.m in Sources */,
			);
			runOnlyForDeploymentPostprocessing = 0;
		};
		0EA7C8522032C438007735E1 /* Sources */ = {
			isa = PBXSourcesBuildPhase;
			buildActionMask = 2147483647;
			files = (
				0EA7C85D2032C439007735E1 /* ViewController.m in Sources */,
				0EA7C8752032C66B007735E1 /* SampleSubVO.m in Sources */,
				0EA7C8722032C65B007735E1 /* SampleMainVO.m in Sources */,
				0EA7C87B2032C6E6007735E1 /* SampleSubViewModel.m in Sources */,
				0EA7C8822032C89A007735E1 /* SampleSubTableViewCell.m in Sources */,
				0EA7C8782032C6D8007735E1 /* SampleMainViewModel.m in Sources */,
				0EA7C8682032C439007735E1 /* main.m in Sources */,
				0EA7C87F2032C890007735E1 /* SampleMainTableViewCell.m in Sources */,
				0EA7C85A2032C439007735E1 /* AppDelegate.m in Sources */,
			);
			runOnlyForDeploymentPostprocessing = 0;
		};
		0EA7C8832032DB75007735E1 /* Sources */ = {
			isa = PBXSourcesBuildPhase;
			buildActionMask = 2147483647;
			files = (
				0EA7C8A72033CE5F007735E1 /* SampleMainVO.m in Sources */,
				0EA7C8A82033CE5F007735E1 /* SampleSubVO.m in Sources */,
				0EA7C88E2032DB75007735E1 /* ViewController.m in Sources */,
				0EA7C8AB2033DEA8007735E1 /* SampleSubCollectionViewCell.m in Sources */,
				0EA7C8A42033CDCE007735E1 /* SampleCollectionViewModel.m in Sources */,
				0EA7C8992032DB75007735E1 /* main.m in Sources */,
				0EA7C8A02033CD0C007735E1 /* SampleCollectionViewCell.m in Sources */,
				0EA7C88B2032DB75007735E1 /* AppDelegate.m in Sources */,
				0EA7C8AE2033DF44007735E1 /* SampleSubCollectionViewModel.m in Sources */,
			);
			runOnlyForDeploymentPostprocessing = 0;
		};
/* End PBXSourcesBuildPhase section */

/* Begin PBXVariantGroup section */
		0EA7C7DB20315BD5007735E1 /* Main.storyboard */ = {
			isa = PBXVariantGroup;
			children = (
				0EA7C7DC20315BD5007735E1 /* Base */,
			);
			name = Main.storyboard;
			sourceTree = "<group>";
		};
		0EA7C7E020315BD5007735E1 /* LaunchScreen.storyboard */ = {
			isa = PBXVariantGroup;
			children = (
				0EA7C7E120315BD5007735E1 /* Base */,
			);
			name = LaunchScreen.storyboard;
			sourceTree = "<group>";
		};
		0EA7C804203160DC007735E1 /* Main.storyboard */ = {
			isa = PBXVariantGroup;
			children = (
				0EA7C805203160DC007735E1 /* Base */,
			);
			name = Main.storyboard;
			sourceTree = "<group>";
		};
		0EA7C809203160DC007735E1 /* LaunchScreen.storyboard */ = {
			isa = PBXVariantGroup;
			children = (
				0EA7C80A203160DC007735E1 /* Base */,
			);
			name = LaunchScreen.storyboard;
			sourceTree = "<group>";
		};
		0EA7C8372032903F007735E1 /* Main.storyboard */ = {
			isa = PBXVariantGroup;
			children = (
				0EA7C8382032903F007735E1 /* Base */,
			);
			name = Main.storyboard;
			sourceTree = "<group>";
		};
		0EA7C83C2032903F007735E1 /* LaunchScreen.storyboard */ = {
			isa = PBXVariantGroup;
			children = (
				0EA7C83D2032903F007735E1 /* Base */,
			);
			name = LaunchScreen.storyboard;
			sourceTree = "<group>";
		};
		0EA7C85E2032C439007735E1 /* Main.storyboard */ = {
			isa = PBXVariantGroup;
			children = (
				0EA7C85F2032C439007735E1 /* Base */,
			);
			name = Main.storyboard;
			sourceTree = "<group>";
		};
		0EA7C8632032C439007735E1 /* LaunchScreen.storyboard */ = {
			isa = PBXVariantGroup;
			children = (
				0EA7C8642032C439007735E1 /* Base */,
			);
			name = LaunchScreen.storyboard;
			sourceTree = "<group>";
		};
		0EA7C88F2032DB75007735E1 /* Main.storyboard */ = {
			isa = PBXVariantGroup;
			children = (
				0EA7C8902032DB75007735E1 /* Base */,
			);
			name = Main.storyboard;
			sourceTree = "<group>";
		};
		0EA7C8942032DB75007735E1 /* LaunchScreen.storyboard */ = {
			isa = PBXVariantGroup;
			children = (
				0EA7C8952032DB75007735E1 /* Base */,
			);
			name = LaunchScreen.storyboard;
			sourceTree = "<group>";
		};
/* End PBXVariantGroup section */

/* Begin XCBuildConfiguration section */
		0E41D8B6200599A1005069F1 /* Debug */ = {
			isa = XCBuildConfiguration;
			buildSettings = {
				ALWAYS_SEARCH_USER_PATHS = NO;
				CLANG_ANALYZER_NONNULL = YES;
				CLANG_ANALYZER_NUMBER_OBJECT_CONVERSION = YES_AGGRESSIVE;
				CLANG_CXX_LANGUAGE_STANDARD = "gnu++14";
				CLANG_CXX_LIBRARY = "libc++";
				CLANG_ENABLE_MODULES = YES;
				CLANG_ENABLE_OBJC_ARC = YES;
				CLANG_WARN_BLOCK_CAPTURE_AUTORELEASING = YES;
				CLANG_WARN_BOOL_CONVERSION = YES;
				CLANG_WARN_COMMA = YES;
				CLANG_WARN_CONSTANT_CONVERSION = YES;
				CLANG_WARN_DIRECT_OBJC_ISA_USAGE = YES_ERROR;
				CLANG_WARN_DOCUMENTATION_COMMENTS = YES;
				CLANG_WARN_EMPTY_BODY = YES;
				CLANG_WARN_ENUM_CONVERSION = YES;
				CLANG_WARN_INFINITE_RECURSION = YES;
				CLANG_WARN_INT_CONVERSION = YES;
				CLANG_WARN_NON_LITERAL_NULL_CONVERSION = YES;
				CLANG_WARN_OBJC_LITERAL_CONVERSION = YES;
				CLANG_WARN_OBJC_ROOT_CLASS = YES_ERROR;
				CLANG_WARN_RANGE_LOOP_ANALYSIS = YES;
				CLANG_WARN_STRICT_PROTOTYPES = YES;
				CLANG_WARN_SUSPICIOUS_MOVE = YES;
				CLANG_WARN_UNGUARDED_AVAILABILITY = YES_AGGRESSIVE;
				CLANG_WARN_UNREACHABLE_CODE = YES;
				CLANG_WARN__DUPLICATE_METHOD_MATCH = YES;
				CODE_SIGN_IDENTITY = "iPhone Developer";
				COPY_PHASE_STRIP = NO;
				DEBUG_INFORMATION_FORMAT = dwarf;
				ENABLE_STRICT_OBJC_MSGSEND = YES;
				ENABLE_TESTABILITY = YES;
				GCC_C_LANGUAGE_STANDARD = gnu11;
				GCC_DYNAMIC_NO_PIC = NO;
				GCC_NO_COMMON_BLOCKS = YES;
				GCC_OPTIMIZATION_LEVEL = 0;
				GCC_PREPROCESSOR_DEFINITIONS = (
					"DEBUG=1",
					"$(inherited)",
				);
				GCC_WARN_64_TO_32_BIT_CONVERSION = YES;
				GCC_WARN_ABOUT_RETURN_TYPE = YES_ERROR;
				GCC_WARN_UNDECLARED_SELECTOR = YES;
				GCC_WARN_UNINITIALIZED_AUTOS = YES_AGGRESSIVE;
				GCC_WARN_UNUSED_FUNCTION = YES;
				GCC_WARN_UNUSED_VARIABLE = YES;
				IPHONEOS_DEPLOYMENT_TARGET = 11.2;
				MTL_ENABLE_DEBUG_INFO = YES;
				ONLY_ACTIVE_ARCH = YES;
				SDKROOT = iphoneos;
			};
			name = Debug;
		};
		0E41D8B7200599A1005069F1 /* Release */ = {
			isa = XCBuildConfiguration;
			buildSettings = {
				ALWAYS_SEARCH_USER_PATHS = NO;
				CLANG_ANALYZER_NONNULL = YES;
				CLANG_ANALYZER_NUMBER_OBJECT_CONVERSION = YES_AGGRESSIVE;
				CLANG_CXX_LANGUAGE_STANDARD = "gnu++14";
				CLANG_CXX_LIBRARY = "libc++";
				CLANG_ENABLE_MODULES = YES;
				CLANG_ENABLE_OBJC_ARC = YES;
				CLANG_WARN_BLOCK_CAPTURE_AUTORELEASING = YES;
				CLANG_WARN_BOOL_CONVERSION = YES;
				CLANG_WARN_COMMA = YES;
				CLANG_WARN_CONSTANT_CONVERSION = YES;
				CLANG_WARN_DIRECT_OBJC_ISA_USAGE = YES_ERROR;
				CLANG_WARN_DOCUMENTATION_COMMENTS = YES;
				CLANG_WARN_EMPTY_BODY = YES;
				CLANG_WARN_ENUM_CONVERSION = YES;
				CLANG_WARN_INFINITE_RECURSION = YES;
				CLANG_WARN_INT_CONVERSION = YES;
				CLANG_WARN_NON_LITERAL_NULL_CONVERSION = YES;
				CLANG_WARN_OBJC_LITERAL_CONVERSION = YES;
				CLANG_WARN_OBJC_ROOT_CLASS = YES_ERROR;
				CLANG_WARN_RANGE_LOOP_ANALYSIS = YES;
				CLANG_WARN_STRICT_PROTOTYPES = YES;
				CLANG_WARN_SUSPICIOUS_MOVE = YES;
				CLANG_WARN_UNGUARDED_AVAILABILITY = YES_AGGRESSIVE;
				CLANG_WARN_UNREACHABLE_CODE = YES;
				CLANG_WARN__DUPLICATE_METHOD_MATCH = YES;
				CODE_SIGN_IDENTITY = "iPhone Developer";
				COPY_PHASE_STRIP = NO;
				DEBUG_INFORMATION_FORMAT = "dwarf-with-dsym";
				ENABLE_NS_ASSERTIONS = NO;
				ENABLE_STRICT_OBJC_MSGSEND = YES;
				GCC_C_LANGUAGE_STANDARD = gnu11;
				GCC_NO_COMMON_BLOCKS = YES;
				GCC_WARN_64_TO_32_BIT_CONVERSION = YES;
				GCC_WARN_ABOUT_RETURN_TYPE = YES_ERROR;
				GCC_WARN_UNDECLARED_SELECTOR = YES;
				GCC_WARN_UNINITIALIZED_AUTOS = YES_AGGRESSIVE;
				GCC_WARN_UNUSED_FUNCTION = YES;
				GCC_WARN_UNUSED_VARIABLE = YES;
				IPHONEOS_DEPLOYMENT_TARGET = 11.2;
				MTL_ENABLE_DEBUG_INFO = NO;
				SDKROOT = iphoneos;
				VALIDATE_PRODUCT = YES;
			};
			name = Release;
		};
		0EA7C7E720315BD5007735E1 /* Debug */ = {
			isa = XCBuildConfiguration;
			buildSettings = {
				ASSETCATALOG_COMPILER_APPICON_NAME = AppIcon;
				CODE_SIGN_STYLE = Automatic;
				INFOPLIST_FILE = 1_UIViewExample/Info.plist;
				LD_RUNPATH_SEARCH_PATHS = "$(inherited) @executable_path/Frameworks";
				PRODUCT_BUNDLE_IDENTIFIER = "com.tigi.--UIViewExample";
				PRODUCT_NAME = "$(TARGET_NAME)";
				TARGETED_DEVICE_FAMILY = "1,2";
			};
			name = Debug;
		};
		0EA7C7E820315BD5007735E1 /* Release */ = {
			isa = XCBuildConfiguration;
			buildSettings = {
				ASSETCATALOG_COMPILER_APPICON_NAME = AppIcon;
				CODE_SIGN_STYLE = Automatic;
				INFOPLIST_FILE = 1_UIViewExample/Info.plist;
				LD_RUNPATH_SEARCH_PATHS = "$(inherited) @executable_path/Frameworks";
				PRODUCT_BUNDLE_IDENTIFIER = "com.tigi.--UIViewExample";
				PRODUCT_NAME = "$(TARGET_NAME)";
				TARGETED_DEVICE_FAMILY = "1,2";
			};
			name = Release;
		};
		0EA7C810203160DC007735E1 /* Debug */ = {
			isa = XCBuildConfiguration;
			buildSettings = {
				ASSETCATALOG_COMPILER_APPICON_NAME = AppIcon;
				CODE_SIGN_STYLE = Automatic;
				INFOPLIST_FILE = 2_ProtocolDelegateExample/Info.plist;
				LD_RUNPATH_SEARCH_PATHS = "$(inherited) @executable_path/Frameworks";
				PRODUCT_BUNDLE_IDENTIFIER = "com.tigi.--ProtocolDelegateExample";
				PRODUCT_NAME = "$(TARGET_NAME)";
				TARGETED_DEVICE_FAMILY = "1,2";
			};
			name = Debug;
		};
		0EA7C811203160DC007735E1 /* Release */ = {
			isa = XCBuildConfiguration;
			buildSettings = {
				ASSETCATALOG_COMPILER_APPICON_NAME = AppIcon;
				CODE_SIGN_STYLE = Automatic;
				INFOPLIST_FILE = 2_ProtocolDelegateExample/Info.plist;
				LD_RUNPATH_SEARCH_PATHS = "$(inherited) @executable_path/Frameworks";
				PRODUCT_BUNDLE_IDENTIFIER = "com.tigi.--ProtocolDelegateExample";
				PRODUCT_NAME = "$(TARGET_NAME)";
				TARGETED_DEVICE_FAMILY = "1,2";
			};
			name = Release;
		};
		0EA7C8432032903F007735E1 /* Debug */ = {
			isa = XCBuildConfiguration;
			buildSettings = {
				ASSETCATALOG_COMPILER_APPICON_NAME = AppIcon;
				CODE_SIGN_STYLE = Automatic;
				INFOPLIST_FILE = 3_TableViewExample/Info.plist;
				LD_RUNPATH_SEARCH_PATHS = "$(inherited) @executable_path/Frameworks";
				PRODUCT_BUNDLE_IDENTIFIER = "com.tigi.--TableViewExample";
				PRODUCT_NAME = "$(TARGET_NAME)";
				TARGETED_DEVICE_FAMILY = "1,2";
			};
			name = Debug;
		};
		0EA7C8442032903F007735E1 /* Release */ = {
			isa = XCBuildConfiguration;
			buildSettings = {
				ASSETCATALOG_COMPILER_APPICON_NAME = AppIcon;
				CODE_SIGN_STYLE = Automatic;
				INFOPLIST_FILE = 3_TableViewExample/Info.plist;
				LD_RUNPATH_SEARCH_PATHS = "$(inherited) @executable_path/Frameworks";
				PRODUCT_BUNDLE_IDENTIFIER = "com.tigi.--TableViewExample";
				PRODUCT_NAME = "$(TARGET_NAME)";
				TARGETED_DEVICE_FAMILY = "1,2";
			};
			name = Release;
		};
		0EA7C86A2032C439007735E1 /* Debug */ = {
			isa = XCBuildConfiguration;
			buildSettings = {
				ASSETCATALOG_COMPILER_APPICON_NAME = AppIcon;
				CODE_SIGN_STYLE = Automatic;
				INFOPLIST_FILE = 4_MultiCellTableViewExample/Info.plist;
				LD_RUNPATH_SEARCH_PATHS = "$(inherited) @executable_path/Frameworks";
				PRODUCT_BUNDLE_IDENTIFIER = "com.tigi.--MultiCellTableViewExample";
				PRODUCT_NAME = "$(TARGET_NAME)";
				TARGETED_DEVICE_FAMILY = "1,2";
			};
			name = Debug;
		};
		0EA7C86B2032C439007735E1 /* Release */ = {
			isa = XCBuildConfiguration;
			buildSettings = {
				ASSETCATALOG_COMPILER_APPICON_NAME = AppIcon;
				CODE_SIGN_STYLE = Automatic;
				INFOPLIST_FILE = 4_MultiCellTableViewExample/Info.plist;
				LD_RUNPATH_SEARCH_PATHS = "$(inherited) @executable_path/Frameworks";
				PRODUCT_BUNDLE_IDENTIFIER = "com.tigi.--MultiCellTableViewExample";
				PRODUCT_NAME = "$(TARGET_NAME)";
				TARGETED_DEVICE_FAMILY = "1,2";
			};
			name = Release;
		};
		0EA7C89B2032DB75007735E1 /* Debug */ = {
			isa = XCBuildConfiguration;
			buildSettings = {
				ASSETCATALOG_COMPILER_APPICON_NAME = AppIcon;
				CODE_SIGN_STYLE = Automatic;
				INFOPLIST_FILE = 5_CollectionVIewExample/Info.plist;
				LD_RUNPATH_SEARCH_PATHS = "$(inherited) @executable_path/Frameworks";
				PRODUCT_BUNDLE_IDENTIFIER = "com.tigi.--CollectionVIewExample";
				PRODUCT_NAME = "$(TARGET_NAME)";
				TARGETED_DEVICE_FAMILY = "1,2";
			};
			name = Debug;
		};
		0EA7C89C2032DB75007735E1 /* Release */ = {
			isa = XCBuildConfiguration;
			buildSettings = {
				ASSETCATALOG_COMPILER_APPICON_NAME = AppIcon;
				CODE_SIGN_STYLE = Automatic;
				INFOPLIST_FILE = 5_CollectionVIewExample/Info.plist;
				LD_RUNPATH_SEARCH_PATHS = "$(inherited) @executable_path/Frameworks";
				PRODUCT_BUNDLE_IDENTIFIER = "com.tigi.--CollectionVIewExample";
				PRODUCT_NAME = "$(TARGET_NAME)";
				TARGETED_DEVICE_FAMILY = "1,2";
			};
			name = Release;
		};
/* End XCBuildConfiguration section */

/* Begin XCConfigurationList section */
		0E41D887200599A1005069F1 /* Build configuration list for PBXProject "iosStudy" */ = {
			isa = XCConfigurationList;
			buildConfigurations = (
				0E41D8B6200599A1005069F1 /* Debug */,
				0E41D8B7200599A1005069F1 /* Release */,
			);
			defaultConfigurationIsVisible = 0;
			defaultConfigurationName = Release;
		};
		0EA7C7E620315BD5007735E1 /* Build configuration list for PBXNativeTarget "1_UIViewExample" */ = {
			isa = XCConfigurationList;
			buildConfigurations = (
				0EA7C7E720315BD5007735E1 /* Debug */,
				0EA7C7E820315BD5007735E1 /* Release */,
			);
			defaultConfigurationIsVisible = 0;
			defaultConfigurationName = Release;
		};
		0EA7C80F203160DC007735E1 /* Build configuration list for PBXNativeTarget "2_ProtocolDelegateExample" */ = {
			isa = XCConfigurationList;
			buildConfigurations = (
				0EA7C810203160DC007735E1 /* Debug */,
				0EA7C811203160DC007735E1 /* Release */,
			);
			defaultConfigurationIsVisible = 0;
			defaultConfigurationName = Release;
		};
		0EA7C8422032903F007735E1 /* Build configuration list for PBXNativeTarget "3_TableViewExample" */ = {
			isa = XCConfigurationList;
			buildConfigurations = (
				0EA7C8432032903F007735E1 /* Debug */,
				0EA7C8442032903F007735E1 /* Release */,
			);
			defaultConfigurationIsVisible = 0;
			defaultConfigurationName = Release;
		};
		0EA7C8692032C439007735E1 /* Build configuration list for PBXNativeTarget "4_MultiCellTableViewExample" */ = {
			isa = XCConfigurationList;
			buildConfigurations = (
				0EA7C86A2032C439007735E1 /* Debug */,
				0EA7C86B2032C439007735E1 /* Release */,
			);
			defaultConfigurationIsVisible = 0;
			defaultConfigurationName = Release;
		};
		0EA7C89A2032DB75007735E1 /* Build configuration list for PBXNativeTarget "5_CollectionVIewExample" */ = {
			isa = XCConfigurationList;
			buildConfigurations = (
				0EA7C89B2032DB75007735E1 /* Debug */,
				0EA7C89C2032DB75007735E1 /* Release */,
			);
			defaultConfigurationIsVisible = 0;
			defaultConfigurationName = Release;
		};
/* End XCConfigurationList section */
	};
	rootObject = 0E41D884200599A1005069F1 /* Project object */;
}
